
Microsoft Visual Studio Solution File, Format Version 12.00
# Visual Studio Version 16
VisualStudioVersion = 16.0.30611.23
MinimumVisualStudioVersion = 10.0.40219.1
Project("{FAE04EC0-301F-11D3-BF4B-00C04F79EFBC}") = "LAb2 problems1", "LAb2 problems1\LAb2 problems1.csproj", "{1170C24B-244A-48D4-908E-1F22136CD8F0}"
EndProject
Global
	GlobalSection(SolutionConfigurationPlatforms) = preSolution
		Debug|Any CPU = Debug|Any CPU
		Release|Any CPU = Release|Any CPU
	EndGlobalSection
	GlobalSection(ProjectConfigurationPlatforms) = postSolution
		{1170C24B-244A-48D4-908E-1F22136CD8F0}.Debug|Any CPU.ActiveCfg = Debug|Any CPU
		{1170C24B-244A-48D4-908E-1F22136CD8F0}.Debug|Any CPU.Build.0 = Debug|Any CPU
		{1170C24B-244A-48D4-908E-1F22136CD8F0}.Release|Any CPU.ActiveCfg = Release|Any CPU
		{1170C24B-244A-48D4-908E-1F22136CD8F0}.Release|Any CPU.Build.0 = Release|Any CPU
	EndGlobalSection
	GlobalSection(SolutionProperties) = preSolution
		HideSolutionNode = FALSE
	EndGlobalSection
	GlobalSection(ExtensibilityGlobals) = postSolution
		SolutionGuid = {6EC834E3-7107-4A8D-8F54-CF9D0F6D2F5C}
	EndGlobalSection
EndGlobal
