
Microsoft Visual Studio Solution File, Format Version 12.00
# Visual Studio Version 16
VisualStudioVersion = 16.0.30611.23
MinimumVisualStudioVersion = 10.0.40219.1
Project("{FAE04EC0-301F-11D3-BF4B-00C04F79EFBC}") = "Lab1 problem 2", "Lab1 problem 2\Lab1 problem 2.csproj", "{2E61C1DE-9ABB-4081-8F96-18342BC29444}"
EndProject
Global
	GlobalSection(SolutionConfigurationPlatforms) = preSolution
		Debug|Any CPU = Debug|Any CPU
		Release|Any CPU = Release|Any CPU
	EndGlobalSection
	GlobalSection(ProjectConfigurationPlatforms) = postSolution
		{2E61C1DE-9ABB-4081-8F96-18342BC29444}.Debug|Any CPU.ActiveCfg = Debug|Any CPU
		{2E61C1DE-9ABB-4081-8F96-18342BC29444}.Debug|Any CPU.Build.0 = Debug|Any CPU
		{2E61C1DE-9ABB-4081-8F96-18342BC29444}.Release|Any CPU.ActiveCfg = Release|Any CPU
		{2E61C1DE-9ABB-4081-8F96-18342BC29444}.Release|Any CPU.Build.0 = Release|Any CPU
	EndGlobalSection
	GlobalSection(SolutionProperties) = preSolution
		HideSolutionNode = FALSE
	EndGlobalSection
	GlobalSection(ExtensibilityGlobals) = postSolution
		SolutionGuid = {27D37A0A-9C9F-459A-A0E3-FF059F332C0B}
	EndGlobalSection
EndGlobal
