
Microsoft Visual Studio Solution File, Format Version 12.00
# Visual Studio Version 16
VisualStudioVersion = 16.0.30611.23
MinimumVisualStudioVersion = 10.0.40219.1
Project("{FAE04EC0-301F-11D3-BF4B-00C04F79EFBC}") = "Lab2 problems4", "Lab2 problems4\Lab2 problems4.csproj", "{93AAFF49-1909-45EC-9444-0C9738803299}"
EndProject
Global
	GlobalSection(SolutionConfigurationPlatforms) = preSolution
		Debug|Any CPU = Debug|Any CPU
		Release|Any CPU = Release|Any CPU
	EndGlobalSection
	GlobalSection(ProjectConfigurationPlatforms) = postSolution
		{93AAFF49-1909-45EC-9444-0C9738803299}.Debug|Any CPU.ActiveCfg = Debug|Any CPU
		{93AAFF49-1909-45EC-9444-0C9738803299}.Debug|Any CPU.Build.0 = Debug|Any CPU
		{93AAFF49-1909-45EC-9444-0C9738803299}.Release|Any CPU.ActiveCfg = Release|Any CPU
		{93AAFF49-1909-45EC-9444-0C9738803299}.Release|Any CPU.Build.0 = Release|Any CPU
	EndGlobalSection
	GlobalSection(SolutionProperties) = preSolution
		HideSolutionNode = FALSE
	EndGlobalSection
	GlobalSection(ExtensibilityGlobals) = postSolution
		SolutionGuid = {24252668-4219-42CE-9A27-3F4F537A7430}
	EndGlobalSection
EndGlobal
